
Microsoft Visual Studio Solution File, Format Version 12.00
# Visual Studio Version 17
VisualStudioVersion = 17.2.32519.379
MinimumVisualStudioVersion = 10.0.40219.1
Project("{9A19103F-16F7-4668-BE54-9A1E7A4F7556}") = "KAS.ECOS.API", "KAS.ECOS\KAS.ECOS.API.csproj", "{8CC97C1B-C7C6-48C0-93B6-60C6B052F86D}"
EndProject
Project("{9A19103F-16F7-4668-BE54-9A1E7A4F7556}") = "KAS.Entity.DB.ECOS", "KAS.ECOS.Entity.DB\KAS.Entity.DB.ECOS.csproj", "{54E16B0D-9CDF-45BF-8738-BD6065F0D4FC}"
EndProject
Project("{9A19103F-16F7-4668-BE54-9A1E7A4F7556}") = "KAS.ECOS.MIDDLEWARE", "KAS.ECOS.MIDDLEWARE\KAS.ECOS.MIDDLEWARE.csproj", "{E29BC014-EDFA-4BD0-940B-C3D7503AFC62}"
EndProject
Project("{FAE04EC0-301F-11D3-BF4B-00C04F79EFBC}") = "KAS.ECOS.SERVICE", "KAS.ECOS.SERVICE\KAS.ECOS.SERVICE.csproj", "{0F8EA689-3E63-4B32-95DC-CA829D18D635}"
EndProject
Global
	GlobalSection(SolutionConfigurationPlatforms) = preSolution
		Debug|Any CPU = Debug|Any CPU
		Release|Any CPU = Release|Any CPU
	EndGlobalSection
	GlobalSection(ProjectConfigurationPlatforms) = postSolution
		{8CC97C1B-C7C6-48C0-93B6-60C6B052F86D}.Debug|Any CPU.ActiveCfg = Debug|Any CPU
		{8CC97C1B-C7C6-48C0-93B6-60C6B052F86D}.Debug|Any CPU.Build.0 = Debug|Any CPU
		{8CC97C1B-C7C6-48C0-93B6-60C6B052F86D}.Release|Any CPU.ActiveCfg = Release|Any CPU
		{8CC97C1B-C7C6-48C0-93B6-60C6B052F86D}.Release|Any CPU.Build.0 = Release|Any CPU
		{54E16B0D-9CDF-45BF-8738-BD6065F0D4FC}.Debug|Any CPU.ActiveCfg = Debug|Any CPU
		{54E16B0D-9CDF-45BF-8738-BD6065F0D4FC}.Debug|Any CPU.Build.0 = Debug|Any CPU
		{54E16B0D-9CDF-45BF-8738-BD6065F0D4FC}.Release|Any CPU.ActiveCfg = Release|Any CPU
		{54E16B0D-9CDF-45BF-8738-BD6065F0D4FC}.Release|Any CPU.Build.0 = Release|Any CPU
		{E29BC014-EDFA-4BD0-940B-C3D7503AFC62}.Debug|Any CPU.ActiveCfg = Debug|Any CPU
		{E29BC014-EDFA-4BD0-940B-C3D7503AFC62}.Debug|Any CPU.Build.0 = Debug|Any CPU
		{E29BC014-EDFA-4BD0-940B-C3D7503AFC62}.Release|Any CPU.ActiveCfg = Release|Any CPU
		{E29BC014-EDFA-4BD0-940B-C3D7503AFC62}.Release|Any CPU.Build.0 = Release|Any CPU
		{0F8EA689-3E63-4B32-95DC-CA829D18D635}.Debug|Any CPU.ActiveCfg = Debug|Any CPU
		{0F8EA689-3E63-4B32-95DC-CA829D18D635}.Debug|Any CPU.Build.0 = Debug|Any CPU
		{0F8EA689-3E63-4B32-95DC-CA829D18D635}.Release|Any CPU.ActiveCfg = Release|Any CPU
		{0F8EA689-3E63-4B32-95DC-CA829D18D635}.Release|Any CPU.Build.0 = Release|Any CPU
	EndGlobalSection
	GlobalSection(SolutionProperties) = preSolution
		HideSolutionNode = FALSE
	EndGlobalSection
	GlobalSection(ExtensibilityGlobals) = postSolution
		SolutionGuid = {D1E9BA1D-6163-449D-B20E-63EF83E51B15}
	EndGlobalSection
EndGlobal
